// !$*UTF8*$!
{
	archiveVersion = 1;
	classes = {
	};
	objectVersion = 51;
	objects = {

/* Begin PBXBuildFile section */
		ABD93D41580A4FA073846AE6 /* libPods-GSMapTest.a in Frameworks */ = {isa = PBXBuildFile; fileRef = 796096895F1CEDAC579314CB /* libPods-GSMapTest.a */; };
		E5B4595F247F9840004F96AF /* AppDelegate.m in Sources */ = {isa = PBXBuildFile; fileRef = E5B4595E247F9840004F96AF /* AppDelegate.m */; };
		E5B45962247F9840004F96AF /* SceneDelegate.m in Sources */ = {isa = PBXBuildFile; fileRef = E5B45961247F9840004F96AF /* SceneDelegate.m */; };
		E5B45965247F9840004F96AF /* ViewController.m in Sources */ = {isa = PBXBuildFile; fileRef = E5B45964247F9840004F96AF /* ViewController.m */; };
		E5B45968247F9840004F96AF /* Main.storyboard in Resources */ = {isa = PBXBuildFile; fileRef = E5B45966247F9840004F96AF /* Main.storyboard */; };
		E5B4596A247F9842004F96AF /* Assets.xcassets in Resources */ = {isa = PBXBuildFile; fileRef = E5B45969247F9842004F96AF /* Assets.xcassets */; };
		E5B4596D247F9842004F96AF /* LaunchScreen.storyboard in Resources */ = {isa = PBXBuildFile; fileRef = E5B4596B247F9842004F96AF /* LaunchScreen.storyboard */; };
		E5B45970247F9842004F96AF /* main.m in Sources */ = {isa = PBXBuildFile; fileRef = E5B4596F247F9842004F96AF /* main.m */; };
		E5B4597A247F9842004F96AF /* GSMapTestTests.m in Sources */ = {isa = PBXBuildFile; fileRef = E5B45979247F9842004F96AF /* GSMapTestTests.m */; };
		E5B45985247F9842004F96AF /* GSMapTestUITests.m in Sources */ = {isa = PBXBuildFile; fileRef = E5B45984247F9842004F96AF /* GSMapTestUITests.m */; };
		E5B45993247F9850004F96AF /* jiangxiaoyu.png in Resources */ = {isa = PBXBuildFile; fileRef = E5B45992247F9850004F96AF /* jiangxiaoyu.png */; };
		E5B45998247F98AE004F96AF /* SystemMessageCell.m in Sources */ = {isa = PBXBuildFile; fileRef = E5B45994247F98AE004F96AF /* SystemMessageCell.m */; };
		E5B45999247F98AE004F96AF /* SystemMessageCell.xib in Resources */ = {isa = PBXBuildFile; fileRef = E5B45997247F98AE004F96AF /* SystemMessageCell.xib */; };
		E5B4599E247F98CD004F96AF /* Foundation+Log.m in Sources */ = {isa = PBXBuildFile; fileRef = E5B4599C247F98CD004F96AF /* Foundation+Log.m */; };
		E5B459BC247F98DA004F96AF /* GSMAPointAnnotation.m in Sources */ = {isa = PBXBuildFile; fileRef = E5B459A0247F98DA004F96AF /* GSMAPointAnnotation.m */; };
		E5B459BD247F98DA004F96AF /* CustomAnnotationView.m in Sources */ = {isa = PBXBuildFile; fileRef = E5B459A3247F98DA004F96AF /* CustomAnnotationView.m */; };
		E5B459BE247F98DA004F96AF /* GSCustomRectangleView.m in Sources */ = {isa = PBXBuildFile; fileRef = E5B459A4247F98DA004F96AF /* GSCustomRectangleView.m */; };
		E5B459BF247F98DA004F96AF /* MapTabView.m in Sources */ = {isa = PBXBuildFile; fileRef = E5B459A6247F98DA004F96AF /* MapTabView.m */; };
		E5B459C0247F98DA004F96AF /* GSCustomRoundView.m in Sources */ = {isa = PBXBuildFile; fileRef = E5B459A8247F98DA004F96AF /* GSCustomRoundView.m */; };
		E5B459C1247F98DA004F96AF /* UsedHouseMainCell.xib in Resources */ = {isa = PBXBuildFile; fileRef = E5B459A9247F98DA004F96AF /* UsedHouseMainCell.xib */; };
		E5B459C2247F98DA004F96AF /* MapTabView.xib in Resources */ = {isa = PBXBuildFile; fileRef = E5B459AC247F98DA004F96AF /* MapTabView.xib */; };
		E5B459C3247F98DA004F96AF /* CustomCalloutView.m in Sources */ = {isa = PBXBuildFile; fileRef = E5B459AD247F98DA004F96AF /* CustomCalloutView.m */; };
		E5B459C4247F98DA004F96AF /* UsedHouseMainCell.m in Sources */ = {isa = PBXBuildFile; fileRef = E5B459AF247F98DA004F96AF /* UsedHouseMainCell.m */; };
		E5B459C5247F98DA004F96AF /* BaseViewController.m in Sources */ = {isa = PBXBuildFile; fileRef = E5B459B4247F98DA004F96AF /* BaseViewController.m */; };
		E5B459C6247F98DA004F96AF /* AViewController.m in Sources */ = {isa = PBXBuildFile; fileRef = E5B459B6247F98DA004F96AF /* AViewController.m */; };
		E5B459C7247F98DA004F96AF /* DViewController.m in Sources */ = {isa = PBXBuildFile; fileRef = E5B459B7247F98DA004F96AF /* DViewController.m */; };
		E5B459C8247F98DA004F96AF /* CViewController.m in Sources */ = {isa = PBXBuildFile; fileRef = E5B459B8247F98DA004F96AF /* CViewController.m */; };
		E5B459C9247F98DA004F96AF /* BViewController.m in Sources */ = {isa = PBXBuildFile; fileRef = E5B459B9247F98DA004F96AF /* BViewController.m */; };
/* End PBXBuildFile section */

/* Begin PBXContainerItemProxy section */
		E5B45976247F9842004F96AF /* PBXContainerItemProxy */ = {
			isa = PBXContainerItemProxy;
			containerPortal = E5B45952247F9840004F96AF /* Project object */;
			proxyType = 1;
			remoteGlobalIDString = E5B45959247F9840004F96AF;
			remoteInfo = GSMapTest;
		};
		E5B45981247F9842004F96AF /* PBXContainerItemProxy */ = {
			isa = PBXContainerItemProxy;
			containerPortal = E5B45952247F9840004F96AF /* Project object */;
			proxyType = 1;
			remoteGlobalIDString = E5B45959247F9840004F96AF;
			remoteInfo = GSMapTest;
		};
/* End PBXContainerItemProxy section */

/* Begin PBXFileReference section */
		0B232683881C889BEB0B3DF5 /* Pods-GSMapTest.release.xcconfig */ = {isa = PBXFileReference; includeInIndex = 1; lastKnownFileType = text.xcconfig; name = "Pods-GSMapTest.release.xcconfig"; path = "Target Support Files/Pods-GSMapTest/Pods-GSMapTest.release.xcconfig"; sourceTree = "<group>"; };
		796096895F1CEDAC579314CB /* libPods-GSMapTest.a */ = {isa = PBXFileReference; explicitFileType = archive.ar; includeInIndex = 0; path = "libPods-GSMapTest.a"; sourceTree = BUILT_PRODUCTS_DIR; };
		E5B4595A247F9840004F96AF /* GSMapTest.app */ = {isa = PBXFileReference; explicitFileType = wrapper.application; includeInIndex = 0; path = GSMapTest.app; sourceTree = BUILT_PRODUCTS_DIR; };
		E5B4595D247F9840004F96AF /* AppDelegate.h */ = {isa = PBXFileReference; lastKnownFileType = sourcecode.c.h; path = AppDelegate.h; sourceTree = "<group>"; };
		E5B4595E247F9840004F96AF /* AppDelegate.m */ = {isa = PBXFileReference; lastKnownFileType = sourcecode.c.objc; path = AppDelegate.m; sourceTree = "<group>"; };
		E5B45960247F9840004F96AF /* SceneDelegate.h */ = {isa = PBXFileReference; lastKnownFileType = sourcecode.c.h; path = SceneDelegate.h; sourceTree = "<group>"; };
		E5B45961247F9840004F96AF /* SceneDelegate.m */ = {isa = PBXFileReference; lastKnownFileType = sourcecode.c.objc; path = SceneDelegate.m; sourceTree = "<group>"; };
		E5B45963247F9840004F96AF /* ViewController.h */ = {isa = PBXFileReference; lastKnownFileType = sourcecode.c.h; path = ViewController.h; sourceTree = "<group>"; };
		E5B45964247F9840004F96AF /* ViewController.m */ = {isa = PBXFileReference; lastKnownFileType = sourcecode.c.objc; path = ViewController.m; sourceTree = "<group>"; };
		E5B45967247F9840004F96AF /* Base */ = {isa = PBXFileReference; lastKnownFileType = file.storyboard; name = Base; path = Base.lproj/Main.storyboard; sourceTree = "<group>"; };
		E5B45969247F9842004F96AF /* Assets.xcassets */ = {isa = PBXFileReference; lastKnownFileType = folder.assetcatalog; path = Assets.xcassets; sourceTree = "<group>"; };
		E5B4596C247F9842004F96AF /* Base */ = {isa = PBXFileReference; lastKnownFileType = file.storyboard; name = Base; path = Base.lproj/LaunchScreen.storyboard; sourceTree = "<group>"; };
		E5B4596E247F9842004F96AF /* Info.plist */ = {isa = PBXFileReference; lastKnownFileType = text.plist.xml; path = Info.plist; sourceTree = "<group>"; };
		E5B4596F247F9842004F96AF /* main.m */ = {isa = PBXFileReference; lastKnownFileType = sourcecode.c.objc; path = main.m; sourceTree = "<group>"; };
		E5B45975247F9842004F96AF /* GSMapTestTests.xctest */ = {isa = PBXFileReference; explicitFileType = wrapper.cfbundle; includeInIndex = 0; path = GSMapTestTests.xctest; sourceTree = BUILT_PRODUCTS_DIR; };
		E5B45979247F9842004F96AF /* GSMapTestTests.m */ = {isa = PBXFileReference; lastKnownFileType = sourcecode.c.objc; path = GSMapTestTests.m; sourceTree = "<group>"; };
		E5B4597B247F9842004F96AF /* Info.plist */ = {isa = PBXFileReference; lastKnownFileType = text.plist.xml; path = Info.plist; sourceTree = "<group>"; };
		E5B45980247F9842004F96AF /* GSMapTestUITests.xctest */ = {isa = PBXFileReference; explicitFileType = wrapper.cfbundle; includeInIndex = 0; path = GSMapTestUITests.xctest; sourceTree = BUILT_PRODUCTS_DIR; };
		E5B45984247F9842004F96AF /* GSMapTestUITests.m */ = {isa = PBXFileReference; lastKnownFileType = sourcecode.c.objc; path = GSMapTestUITests.m; sourceTree = "<group>"; };
		E5B45986247F9842004F96AF /* Info.plist */ = {isa = PBXFileReference; lastKnownFileType = text.plist.xml; path = Info.plist; sourceTree = "<group>"; };
		E5B45992247F9850004F96AF /* jiangxiaoyu.png */ = {isa = PBXFileReference; lastKnownFileType = image.png; path = jiangxiaoyu.png; sourceTree = "<group>"; };
		E5B45994247F98AE004F96AF /* SystemMessageCell.m */ = {isa = PBXFileReference; fileEncoding = 4; lastKnownFileType = sourcecode.c.objc; path = SystemMessageCell.m; sourceTree = "<group>"; };
		E5B45995247F98AE004F96AF /* PrefixHeader.pch */ = {isa = PBXFileReference; fileEncoding = 4; lastKnownFileType = sourcecode.c.h; path = PrefixHeader.pch; sourceTree = "<group>"; };
		E5B45996247F98AE004F96AF /* SystemMessageCell.h */ = {isa = PBXFileReference; fileEncoding = 4; lastKnownFileType = sourcecode.c.h; path = SystemMessageCell.h; sourceTree = "<group>"; };
		E5B45997247F98AE004F96AF /* SystemMessageCell.xib */ = {isa = PBXFileReference; fileEncoding = 4; lastKnownFileType = file.xib; path = SystemMessageCell.xib; sourceTree = "<group>"; };
		E5B4599C247F98CD004F96AF /* Foundation+Log.m */ = {isa = PBXFileReference; fileEncoding = 4; lastKnownFileType = sourcecode.c.objc; path = "Foundation+Log.m"; sourceTree = "<group>"; };
		E5B4599D247F98CD004F96AF /* GSMacro.h */ = {isa = PBXFileReference; fileEncoding = 4; lastKnownFileType = sourcecode.c.h; path = GSMacro.h; sourceTree = "<group>"; };
		E5B459A0247F98DA004F96AF /* GSMAPointAnnotation.m */ = {isa = PBXFileReference; fileEncoding = 4; lastKnownFileType = sourcecode.c.objc; path = GSMAPointAnnotation.m; sourceTree = "<group>"; };
		E5B459A1247F98DA004F96AF /* GSMAPointAnnotation.h */ = {isa = PBXFileReference; fileEncoding = 4; lastKnownFileType = sourcecode.c.h; path = GSMAPointAnnotation.h; sourceTree = "<group>"; };
		E5B459A3247F98DA004F96AF /* CustomAnnotationView.m */ = {isa = PBXFileReference; fileEncoding = 4; lastKnownFileType = sourcecode.c.objc; path = CustomAnnotationView.m; sourceTree = "<group>"; };
		E5B459A4247F98DA004F96AF /* GSCustomRectangleView.m */ = {isa = PBXFileReference; fileEncoding = 4; lastKnownFileType = sourcecode.c.objc; path = GSCustomRectangleView.m; sourceTree = "<group>"; };
		E5B459A5247F98DA004F96AF /* CustomCalloutView.h */ = {isa = PBXFileReference; fileEncoding = 4; lastKnownFileType = sourcecode.c.h; path = CustomCalloutView.h; sourceTree = "<group>"; };
		E5B459A6247F98DA004F96AF /* MapTabView.m */ = {isa = PBXFileReference; fileEncoding = 4; lastKnownFileType = sourcecode.c.objc; path = MapTabView.m; sourceTree = "<group>"; };
		E5B459A7247F98DA004F96AF /* UsedHouseMainCell.h */ = {isa = PBXFileReference; fileEncoding = 4; lastKnownFileType = sourcecode.c.h; path = UsedHouseMainCell.h; sourceTree = "<group>"; };
		E5B459A8247F98DA004F96AF /* GSCustomRoundView.m */ = {isa = PBXFileReference; fileEncoding = 4; lastKnownFileType = sourcecode.c.objc; path = GSCustomRoundView.m; sourceTree = "<group>"; };
		E5B459A9247F98DA004F96AF /* UsedHouseMainCell.xib */ = {isa = PBXFileReference; fileEncoding = 4; lastKnownFileType = file.xib; path = UsedHouseMainCell.xib; sourceTree = "<group>"; };
		E5B459AA247F98DA004F96AF /* GSCustomRectangleView.h */ = {isa = PBXFileReference; fileEncoding = 4; lastKnownFileType = sourcecode.c.h; path = GSCustomRectangleView.h; sourceTree = "<group>"; };
		E5B459AB247F98DA004F96AF /* CustomAnnotationView.h */ = {isa = PBXFileReference; fileEncoding = 4; lastKnownFileType = sourcecode.c.h; path = CustomAnnotationView.h; sourceTree = "<group>"; };
		E5B459AC247F98DA004F96AF /* MapTabView.xib */ = {isa = PBXFileReference; fileEncoding = 4; lastKnownFileType = file.xib; path = MapTabView.xib; sourceTree = "<group>"; };
		E5B459AD247F98DA004F96AF /* CustomCalloutView.m */ = {isa = PBXFileReference; fileEncoding = 4; lastKnownFileType = sourcecode.c.objc; path = CustomCalloutView.m; sourceTree = "<group>"; };
		E5B459AE247F98DA004F96AF /* GSCustomRoundView.h */ = {isa = PBXFileReference; fileEncoding = 4; lastKnownFileType = sourcecode.c.h; path = GSCustomRoundView.h; sourceTree = "<group>"; };
		E5B459AF247F98DA004F96AF /* UsedHouseMainCell.m */ = {isa = PBXFileReference; fileEncoding = 4; lastKnownFileType = sourcecode.c.objc; path = UsedHouseMainCell.m; sourceTree = "<group>"; };
		E5B459B0247F98DA004F96AF /* MapTabView.h */ = {isa = PBXFileReference; fileEncoding = 4; lastKnownFileType = sourcecode.c.h; path = MapTabView.h; sourceTree = "<group>"; };
		E5B459B2247F98DA004F96AF /* DViewController.h */ = {isa = PBXFileReference; fileEncoding = 4; lastKnownFileType = sourcecode.c.h; path = DViewController.h; sourceTree = "<group>"; };
		E5B459B3247F98DA004F96AF /* CViewController.h */ = {isa = PBXFileReference; fileEncoding = 4; lastKnownFileType = sourcecode.c.h; path = CViewController.h; sourceTree = "<group>"; };
		E5B459B4247F98DA004F96AF /* BaseViewController.m */ = {isa = PBXFileReference; fileEncoding = 4; lastKnownFileType = sourcecode.c.objc; path = BaseViewController.m; sourceTree = "<group>"; };
		E5B459B5247F98DA004F96AF /* BViewController.h */ = {isa = PBXFileReference; fileEncoding = 4; lastKnownFileType = sourcecode.c.h; path = BViewController.h; sourceTree = "<group>"; };
		E5B459B6247F98DA004F96AF /* AViewController.m */ = {isa = PBXFileReference; fileEncoding = 4; lastKnownFileType = sourcecode.c.objc; path = AViewController.m; sourceTree = "<group>"; };
		E5B459B7247F98DA004F96AF /* DViewController.m */ = {isa = PBXFileReference; fileEncoding = 4; lastKnownFileType = sourcecode.c.objc; path = DViewController.m; sourceTree = "<group>"; };
		E5B459B8247F98DA004F96AF /* CViewController.m */ = {isa = PBXFileReference; fileEncoding = 4; lastKnownFileType = sourcecode.c.objc; path = CViewController.m; sourceTree = "<group>"; };
		E5B459B9247F98DA004F96AF /* BViewController.m */ = {isa = PBXFileReference; fileEncoding = 4; lastKnownFileType = sourcecode.c.objc; path = BViewController.m; sourceTree = "<group>"; };
		E5B459BA247F98DA004F96AF /* BaseViewController.h */ = {isa = PBXFileReference; fileEncoding = 4; lastKnownFileType = sourcecode.c.h; path = BaseViewController.h; sourceTree = "<group>"; };
		E5B459BB247F98DA004F96AF /* AViewController.h */ = {isa = PBXFileReference; fileEncoding = 4; lastKnownFileType = sourcecode.c.h; path = AViewController.h; sourceTree = "<group>"; };
		F12E810F51FE27D95184B51B /* Pods-GSMapTest.debug.xcconfig */ = {isa = PBXFileReference; includeInIndex = 1; lastKnownFileType = text.xcconfig; name = "Pods-GSMapTest.debug.xcconfig"; path = "Target Support Files/Pods-GSMapTest/Pods-GSMapTest.debug.xcconfig"; sourceTree = "<group>"; };
/* End PBXFileReference section */

/* Begin PBXFrameworksBuildPhase section */
		E5B45957247F9840004F96AF /* Frameworks */ = {
			isa = PBXFrameworksBuildPhase;
			buildActionMask = 2147483647;
			files = (
				ABD93D41580A4FA073846AE6 /* libPods-GSMapTest.a in Frameworks */,
			);
			runOnlyForDeploymentPostprocessing = 0;
		};
		E5B45972247F9842004F96AF /* Frameworks */ = {
			isa = PBXFrameworksBuildPhase;
			buildActionMask = 2147483647;
			files = (
			);
			runOnlyForDeploymentPostprocessing = 0;
		};
		E5B4597D247F9842004F96AF /* Frameworks */ = {
			isa = PBXFrameworksBuildPhase;
			buildActionMask = 2147483647;
			files = (
			);
			runOnlyForDeploymentPostprocessing = 0;
		};
/* End PBXFrameworksBuildPhase section */

/* Begin PBXGroup section */
		4795085576A72DE48DF44F42 /* Pods */ = {
			isa = PBXGroup;
			children = (
				F12E810F51FE27D95184B51B /* Pods-GSMapTest.debug.xcconfig */,
				0B232683881C889BEB0B3DF5 /* Pods-GSMapTest.release.xcconfig */,
			);
			path = Pods;
			sourceTree = "<group>";
		};
		709C46EF9294CF5B161FEB98 /* Frameworks */ = {
			isa = PBXGroup;
			children = (
				796096895F1CEDAC579314CB /* libPods-GSMapTest.a */,
			);
			name = Frameworks;
			sourceTree = "<group>";
		};
		E5B45951247F9840004F96AF = {
			isa = PBXGroup;
			children = (
				E5B4595C247F9840004F96AF /* GSMapTest */,
				E5B45978247F9842004F96AF /* GSMapTestTests */,
				E5B45983247F9842004F96AF /* GSMapTestUITests */,
				E5B4595B247F9840004F96AF /* Products */,
				4795085576A72DE48DF44F42 /* Pods */,
				709C46EF9294CF5B161FEB98 /* Frameworks */,
			);
			sourceTree = "<group>";
		};
		E5B4595B247F9840004F96AF /* Products */ = {
			isa = PBXGroup;
			children = (
				E5B4595A247F9840004F96AF /* GSMapTest.app */,
				E5B45975247F9842004F96AF /* GSMapTestTests.xctest */,
				E5B45980247F9842004F96AF /* GSMapTestUITests.xctest */,
			);
			name = Products;
			sourceTree = "<group>";
		};
		E5B4595C247F9840004F96AF /* GSMapTest */ = {
			isa = PBXGroup;
			children = (
				E5B45992247F9850004F96AF /* jiangxiaoyu.png */,
				E5B4595D247F9840004F96AF /* AppDelegate.h */,
				E5B4595E247F9840004F96AF /* AppDelegate.m */,
				E5B45960247F9840004F96AF /* SceneDelegate.h */,
				E5B45961247F9840004F96AF /* SceneDelegate.m */,
				E5B45963247F9840004F96AF /* ViewController.h */,
				E5B45964247F9840004F96AF /* ViewController.m */,
				E5B45995247F98AE004F96AF /* PrefixHeader.pch */,
				E5B45996247F98AE004F96AF /* SystemMessageCell.h */,
				E5B45994247F98AE004F96AF /* SystemMessageCell.m */,
				E5B45997247F98AE004F96AF /* SystemMessageCell.xib */,
				E5B4599B247F98B8004F96AF /* Tools */,
				E5B4599A247F98B5004F96AF /* Map */,
				E5B45966247F9840004F96AF /* Main.storyboard */,
				E5B45969247F9842004F96AF /* Assets.xcassets */,
				E5B4596B247F9842004F96AF /* LaunchScreen.storyboard */,
				E5B4596E247F9842004F96AF /* Info.plist */,
				E5B4596F247F9842004F96AF /* main.m */,
			);
			path = GSMapTest;
			sourceTree = "<group>";
		};
		E5B45978247F9842004F96AF /* GSMapTestTests */ = {
			isa = PBXGroup;
			children = (
				E5B45979247F9842004F96AF /* GSMapTestTests.m */,
				E5B4597B247F9842004F96AF /* Info.plist */,
			);
			path = GSMapTestTests;
			sourceTree = "<group>";
		};
		E5B45983247F9842004F96AF /* GSMapTestUITests */ = {
			isa = PBXGroup;
			children = (
				E5B45984247F9842004F96AF /* GSMapTestUITests.m */,
				E5B45986247F9842004F96AF /* Info.plist */,
			);
			path = GSMapTestUITests;
			sourceTree = "<group>";
		};
		E5B4599A247F98B5004F96AF /* Map */ = {
			isa = PBXGroup;
			children = (
				E5B4599F247F98DA004F96AF /* MapModel */,
				E5B459B1247F98DA004F96AF /* MapVC */,
				E5B459A2247F98DA004F96AF /* MapView */,
			);
			path = Map;
			sourceTree = "<group>";
		};
		E5B4599B247F98B8004F96AF /* Tools */ = {
			isa = PBXGroup;
			children = (
				E5B4599C247F98CD004F96AF /* Foundation+Log.m */,
				E5B4599D247F98CD004F96AF /* GSMacro.h */,
			);
			path = Tools;
			sourceTree = "<group>";
		};
		E5B4599F247F98DA004F96AF /* MapModel */ = {
			isa = PBXGroup;
			children = (
				E5B459A0247F98DA004F96AF /* GSMAPointAnnotation.m */,
				E5B459A1247F98DA004F96AF /* GSMAPointAnnotation.h */,
			);
			path = MapModel;
			sourceTree = "<group>";
		};
		E5B459A2247F98DA004F96AF /* MapView */ = {
			isa = PBXGroup;
			children = (
				E5B459A3247F98DA004F96AF /* CustomAnnotationView.m */,
				E5B459A4247F98DA004F96AF /* GSCustomRectangleView.m */,
				E5B459A5247F98DA004F96AF /* CustomCalloutView.h */,
				E5B459A6247F98DA004F96AF /* MapTabView.m */,
				E5B459A7247F98DA004F96AF /* UsedHouseMainCell.h */,
				E5B459A8247F98DA004F96AF /* GSCustomRoundView.m */,
				E5B459A9247F98DA004F96AF /* UsedHouseMainCell.xib */,
				E5B459AA247F98DA004F96AF /* GSCustomRectangleView.h */,
				E5B459AB247F98DA004F96AF /* CustomAnnotationView.h */,
				E5B459AC247F98DA004F96AF /* MapTabView.xib */,
				E5B459AD247F98DA004F96AF /* CustomCalloutView.m */,
				E5B459AE247F98DA004F96AF /* GSCustomRoundView.h */,
				E5B459AF247F98DA004F96AF /* UsedHouseMainCell.m */,
				E5B459B0247F98DA004F96AF /* MapTabView.h */,
			);
			path = MapView;
			sourceTree = "<group>";
		};
		E5B459B1247F98DA004F96AF /* MapVC */ = {
			isa = PBXGroup;
			children = (
				E5B459B2247F98DA004F96AF /* DViewController.h */,
				E5B459B3247F98DA004F96AF /* CViewController.h */,
				E5B459B4247F98DA004F96AF /* BaseViewController.m */,
				E5B459B5247F98DA004F96AF /* BViewController.h */,
				E5B459B6247F98DA004F96AF /* AViewController.m */,
				E5B459B7247F98DA004F96AF /* DViewController.m */,
				E5B459B8247F98DA004F96AF /* CViewController.m */,
				E5B459B9247F98DA004F96AF /* BViewController.m */,
				E5B459BA247F98DA004F96AF /* BaseViewController.h */,
				E5B459BB247F98DA004F96AF /* AViewController.h */,
			);
			path = MapVC;
			sourceTree = "<group>";
		};
/* End PBXGroup section */

/* Begin PBXNativeTarget section */
		E5B45959247F9840004F96AF /* GSMapTest */ = {
			isa = PBXNativeTarget;
			buildConfigurationList = E5B45989247F9842004F96AF /* Build configuration list for PBXNativeTarget "GSMapTest" */;
			buildPhases = (
				8850A6A269DD7C4436BAD34F /* [CP] Check Pods Manifest.lock */,
				E5B45956247F9840004F96AF /* Sources */,
				E5B45957247F9840004F96AF /* Frameworks */,
				E5B45958247F9840004F96AF /* Resources */,
			);
			buildRules = (
			);
			dependencies = (
			);
			name = GSMapTest;
			productName = GSMapTest;
			productReference = E5B4595A247F9840004F96AF /* GSMapTest.app */;
			productType = "com.apple.product-type.application";
		};
		E5B45974247F9842004F96AF /* GSMapTestTests */ = {
			isa = PBXNativeTarget;
			buildConfigurationList = E5B4598C247F9842004F96AF /* Build configuration list for PBXNativeTarget "GSMapTestTests" */;
			buildPhases = (
				E5B45971247F9842004F96AF /* Sources */,
				E5B45972247F9842004F96AF /* Frameworks */,
				E5B45973247F9842004F96AF /* Resources */,
			);
			buildRules = (
			);
			dependencies = (
				E5B45977247F9842004F96AF /* PBXTargetDependency */,
			);
			name = GSMapTestTests;
			productName = GSMapTestTests;
			productReference = E5B45975247F9842004F96AF /* GSMapTestTests.xctest */;
			productType = "com.apple.product-type.bundle.unit-test";
		};
		E5B4597F247F9842004F96AF /* GSMapTestUITests */ = {
			isa = PBXNativeTarget;
			buildConfigurationList = E5B4598F247F9842004F96AF /* Build configuration list for PBXNativeTarget "GSMapTestUITests" */;
			buildPhases = (
				E5B4597C247F9842004F96AF /* Sources */,
				E5B4597D247F9842004F96AF /* Frameworks */,
				E5B4597E247F9842004F96AF /* Resources */,
			);
			buildRules = (
			);
			dependencies = (
				E5B45982247F9842004F96AF /* PBXTargetDependency */,
			);
			name = GSMapTestUITests;
			productName = GSMapTestUITests;
			productReference = E5B45980247F9842004F96AF /* GSMapTestUITests.xctest */;
			productType = "com.apple.product-type.bundle.ui-testing";
		};
/* End PBXNativeTarget section */

/* Begin PBXProject section */
		E5B45952247F9840004F96AF /* Project object */ = {
			isa = PBXProject;
			attributes = {
				LastUpgradeCheck = 1150;
				ORGANIZATIONNAME = YY;
				TargetAttributes = {
					E5B45959247F9840004F96AF = {
						CreatedOnToolsVersion = 11.5;
					};
					E5B45974247F9842004F96AF = {
						CreatedOnToolsVersion = 11.5;
						TestTargetID = E5B45959247F9840004F96AF;
					};
					E5B4597F247F9842004F96AF = {
						CreatedOnToolsVersion = 11.5;
						TestTargetID = E5B45959247F9840004F96AF;
					};
				};
			};
			buildConfigurationList = E5B45955247F9840004F96AF /* Build configuration list for PBXProject "GSMapTest" */;
			compatibilityVersion = "Xcode 9.3";
			developmentRegion = en;
			hasScannedForEncodings = 0;
			knownRegions = (
				en,
				Base,
			);
			mainGroup = E5B45951247F9840004F96AF;
			productRefGroup = E5B4595B247F9840004F96AF /* Products */;
			projectDirPath = "";
			projectRoot = "";
			targets = (
				E5B45959247F9840004F96AF /* GSMapTest */,
				E5B45974247F9842004F96AF /* GSMapTestTests */,
				E5B4597F247F9842004F96AF /* GSMapTestUITests */,
			);
		};
/* End PBXProject section */

/* Begin PBXResourcesBuildPhase section */
		E5B45958247F9840004F96AF /* Resources */ = {
			isa = PBXResourcesBuildPhase;
			buildActionMask = 2147483647;
			files = (
				E5B4596D247F9842004F96AF /* LaunchScreen.storyboard in Resources */,
				E5B459C2247F98DA004F96AF /* MapTabView.xib in Resources */,
				E5B45999247F98AE004F96AF /* SystemMessageCell.xib in Resources */,
				E5B4596A247F9842004F96AF /* Assets.xcassets in Resources */,
				E5B45993247F9850004F96AF /* jiangxiaoyu.png in Resources */,
				E5B459C1247F98DA004F96AF /* UsedHouseMainCell.xib in Resources */,
				E5B45968247F9840004F96AF /* Main.storyboard in Resources */,
			);
			runOnlyForDeploymentPostprocessing = 0;
		};
		E5B45973247F9842004F96AF /* Resources */ = {
			isa = PBXResourcesBuildPhase;
			buildActionMask = 2147483647;
			files = (
			);
			runOnlyForDeploymentPostprocessing = 0;
		};
		E5B4597E247F9842004F96AF /* Resources */ = {
			isa = PBXResourcesBuildPhase;
			buildActionMask = 2147483647;
			files = (
			);
			runOnlyForDeploymentPostprocessing = 0;
		};
/* End PBXResourcesBuildPhase section */

/* Begin PBXShellScriptBuildPhase section */
		8850A6A269DD7C4436BAD34F /* [CP] Check Pods Manifest.lock */ = {
			isa = PBXShellScriptBuildPhase;
			buildActionMask = 2147483647;
			files = (
			);
			inputFileListPaths = (
			);
			inputPaths = (
				"${PODS_PODFILE_DIR_PATH}/Podfile.lock",
				"${PODS_ROOT}/Manifest.lock",
			);
			name = "[CP] Check Pods Manifest.lock";
			outputFileListPaths = (
			);
			outputPaths = (
				"$(DERIVED_FILE_DIR)/Pods-GSMapTest-checkManifestLockResult.txt",
			);
			runOnlyForDeploymentPostprocessing = 0;
			shellPath = /bin/sh;
			shellScript = "diff \"${PODS_PODFILE_DIR_PATH}/Podfile.lock\" \"${PODS_ROOT}/Manifest.lock\" > /dev/null\nif [ $? != 0 ] ; then\n    # print error to STDERR\n    echo \"error: The sandbox is not in sync with the Podfile.lock. Run 'pod install' or update your CocoaPods installation.\" >&2\n    exit 1\nfi\n# This output is used by Xcode 'outputs' to avoid re-running this script phase.\necho \"SUCCESS\" > \"${SCRIPT_OUTPUT_FILE_0}\"\n";
			showEnvVarsInLog = 0;
		};
/* End PBXShellScriptBuildPhase section */

/* Begin PBXSourcesBuildPhase section */
		E5B45956247F9840004F96AF /* Sources */ = {
			isa = PBXSourcesBuildPhase;
			buildActionMask = 2147483647;
			files = (
				E5B459C3247F98DA004F96AF /* CustomCalloutView.m in Sources */,
				E5B459BE247F98DA004F96AF /* GSCustomRectangleView.m in Sources */,
				E5B459C0247F98DA004F96AF /* GSCustomRoundView.m in Sources */,
				E5B45998247F98AE004F96AF /* SystemMessageCell.m in Sources */,
				E5B459C8247F98DA004F96AF /* CViewController.m in Sources */,
				E5B45965247F9840004F96AF /* ViewController.m in Sources */,
				E5B459C5247F98DA004F96AF /* BaseViewController.m in Sources */,
				E5B459C6247F98DA004F96AF /* AViewController.m in Sources */,
				E5B459BD247F98DA004F96AF /* CustomAnnotationView.m in Sources */,
				E5B4595F247F9840004F96AF /* AppDelegate.m in Sources */,
				E5B459BF247F98DA004F96AF /* MapTabView.m in Sources */,
				E5B459C4247F98DA004F96AF /* UsedHouseMainCell.m in Sources */,
				E5B45970247F9842004F96AF /* main.m in Sources */,
				E5B459C9247F98DA004F96AF /* BViewController.m in Sources */,
				E5B45962247F9840004F96AF /* SceneDelegate.m in Sources */,
				E5B4599E247F98CD004F96AF /* Foundation+Log.m in Sources */,
				E5B459BC247F98DA004F96AF /* GSMAPointAnnotation.m in Sources */,
				E5B459C7247F98DA004F96AF /* DViewController.m in Sources */,
			);
			runOnlyForDeploymentPostprocessing = 0;
		};
		E5B45971247F9842004F96AF /* Sources */ = {
			isa = PBXSourcesBuildPhase;
			buildActionMask = 2147483647;
			files = (
				E5B4597A247F9842004F96AF /* GSMapTestTests.m in Sources */,
			);
			runOnlyForDeploymentPostprocessing = 0;
		};
		E5B4597C247F9842004F96AF /* Sources */ = {
			isa = PBXSourcesBuildPhase;
			buildActionMask = 2147483647;
			files = (
				E5B45985247F9842004F96AF /* GSMapTestUITests.m in Sources */,
			);
			runOnlyForDeploymentPostprocessing = 0;
		};
/* End PBXSourcesBuildPhase section */

/* Begin PBXTargetDependency section */
		E5B45977247F9842004F96AF /* PBXTargetDependency */ = {
			isa = PBXTargetDependency;
			target = E5B45959247F9840004F96AF /* GSMapTest */;
			targetProxy = E5B45976247F9842004F96AF /* PBXContainerItemProxy */;
		};
		E5B45982247F9842004F96AF /* PBXTargetDependency */ = {
			isa = PBXTargetDependency;
			target = E5B45959247F9840004F96AF /* GSMapTest */;
			targetProxy = E5B45981247F9842004F96AF /* PBXContainerItemProxy */;
		};
/* End PBXTargetDependency section */

/* Begin PBXVariantGroup section */
		E5B45966247F9840004F96AF /* Main.storyboard */ = {
			isa = PBXVariantGroup;
			children = (
				E5B45967247F9840004F96AF /* Base */,
			);
			name = Main.storyboard;
			sourceTree = "<group>";
		};
		E5B4596B247F9842004F96AF /* LaunchScreen.storyboard */ = {
			isa = PBXVariantGroup;
			children = (
				E5B4596C247F9842004F96AF /* Base */,
			);
			name = LaunchScreen.storyboard;
			sourceTree = "<group>";
		};
/* End PBXVariantGroup section */

/* Begin XCBuildConfiguration section */
		E5B45987247F9842004F96AF /* Debug */ = {
			isa = XCBuildConfiguration;
			buildSettings = {
				ALWAYS_SEARCH_USER_PATHS = NO;
				CLANG_ANALYZER_NONNULL = YES;
				CLANG_ANALYZER_NUMBER_OBJECT_CONVERSION = YES_AGGRESSIVE;
				CLANG_CXX_LANGUAGE_STANDARD = "gnu++14";
				CLANG_CXX_LIBRARY = "libc++";
				CLANG_ENABLE_MODULES = YES;
				CLANG_ENABLE_OBJC_ARC = YES;
				CLANG_ENABLE_OBJC_WEAK = YES;
				CLANG_WARN_BLOCK_CAPTURE_AUTORELEASING = YES;
				CLANG_WARN_BOOL_CONVERSION = YES;
				CLANG_WARN_COMMA = YES;
				CLANG_WARN_CONSTANT_CONVERSION = YES;
				CLANG_WARN_DEPRECATED_OBJC_IMPLEMENTATIONS = YES;
				CLANG_WARN_DIRECT_OBJC_ISA_USAGE = YES_ERROR;
				CLANG_WARN_DOCUMENTATION_COMMENTS = YES;
				CLANG_WARN_EMPTY_BODY = YES;
				CLANG_WARN_ENUM_CONVERSION = YES;
				CLANG_WARN_INFINITE_RECURSION = YES;
				CLANG_WARN_INT_CONVERSION = YES;
				CLANG_WARN_NON_LITERAL_NULL_CONVERSION = YES;
				CLANG_WARN_OBJC_IMPLICIT_RETAIN_SELF = YES;
				CLANG_WARN_OBJC_LITERAL_CONVERSION = YES;
				CLANG_WARN_OBJC_ROOT_CLASS = YES_ERROR;
				CLANG_WARN_RANGE_LOOP_ANALYSIS = YES;
				CLANG_WARN_STRICT_PROTOTYPES = YES;
				CLANG_WARN_SUSPICIOUS_MOVE = YES;
				CLANG_WARN_UNGUARDED_AVAILABILITY = YES_AGGRESSIVE;
				CLANG_WARN_UNREACHABLE_CODE = YES;
				CLANG_WARN__DUPLICATE_METHOD_MATCH = YES;
				COPY_PHASE_STRIP = NO;
				DEBUG_INFORMATION_FORMAT = dwarf;
				ENABLE_STRICT_OBJC_MSGSEND = YES;
				ENABLE_TESTABILITY = YES;
				GCC_C_LANGUAGE_STANDARD = gnu11;
				GCC_DYNAMIC_NO_PIC = NO;
				GCC_NO_COMMON_BLOCKS = YES;
				GCC_OPTIMIZATION_LEVEL = 0;
				GCC_PREPROCESSOR_DEFINITIONS = (
					"DEBUG=1",
					"$(inherited)",
				);
				GCC_WARN_64_TO_32_BIT_CONVERSION = YES;
				GCC_WARN_ABOUT_RETURN_TYPE = YES_ERROR;
				GCC_WARN_UNDECLARED_SELECTOR = YES;
				GCC_WARN_UNINITIALIZED_AUTOS = YES_AGGRESSIVE;
				GCC_WARN_UNUSED_FUNCTION = YES;
				GCC_WARN_UNUSED_VARIABLE = YES;
				IPHONEOS_DEPLOYMENT_TARGET = 13.5;
				MTL_ENABLE_DEBUG_INFO = INCLUDE_SOURCE;
				MTL_FAST_MATH = YES;
				ONLY_ACTIVE_ARCH = YES;
				SDKROOT = iphoneos;
			};
			name = Debug;
		};
		E5B45988247F9842004F96AF /* Release */ = {
			isa = XCBuildConfiguration;
			buildSettings = {
				ALWAYS_SEARCH_USER_PATHS = NO;
				CLANG_ANALYZER_NONNULL = YES;
				CLANG_ANALYZER_NUMBER_OBJECT_CONVERSION = YES_AGGRESSIVE;
				CLANG_CXX_LANGUAGE_STANDARD = "gnu++14";
				CLANG_CXX_LIBRARY = "libc++";
				CLANG_ENABLE_MODULES = YES;
				CLANG_ENABLE_OBJC_ARC = YES;
				CLANG_ENABLE_OBJC_WEAK = YES;
				CLANG_WARN_BLOCK_CAPTURE_AUTORELEASING = YES;
				CLANG_WARN_BOOL_CONVERSION = YES;
				CLANG_WARN_COMMA = YES;
				CLANG_WARN_CONSTANT_CONVERSION = YES;
				CLANG_WARN_DEPRECATED_OBJC_IMPLEMENTATIONS = YES;
				CLANG_WARN_DIRECT_OBJC_ISA_USAGE = YES_ERROR;
				CLANG_WARN_DOCUMENTATION_COMMENTS = YES;
				CLANG_WARN_EMPTY_BODY = YES;
				CLANG_WARN_ENUM_CONVERSION = YES;
				CLANG_WARN_INFINITE_RECURSION = YES;
				CLANG_WARN_INT_CONVERSION = YES;
				CLANG_WARN_NON_LITERAL_NULL_CONVERSION = YES;
				CLANG_WARN_OBJC_IMPLICIT_RETAIN_SELF = YES;
				CLANG_WARN_OBJC_LITERAL_CONVERSION = YES;
				CLANG_WARN_OBJC_ROOT_CLASS = YES_ERROR;
				CLANG_WARN_RANGE_LOOP_ANALYSIS = YES;
				CLANG_WARN_STRICT_PROTOTYPES = YES;
				CLANG_WARN_SUSPICIOUS_MOVE = YES;
				CLANG_WARN_UNGUARDED_AVAILABILITY = YES_AGGRESSIVE;
				CLANG_WARN_UNREACHABLE_CODE = YES;
				CLANG_WARN__DUPLICATE_METHOD_MATCH = YES;
				COPY_PHASE_STRIP = NO;
				DEBUG_INFORMATION_FORMAT = "dwarf-with-dsym";
				ENABLE_NS_ASSERTIONS = NO;
				ENABLE_STRICT_OBJC_MSGSEND = YES;
				GCC_C_LANGUAGE_STANDARD = gnu11;
				GCC_NO_COMMON_BLOCKS = YES;
				GCC_WARN_64_TO_32_BIT_CONVERSION = YES;
				GCC_WARN_ABOUT_RETURN_TYPE = YES_ERROR;
				GCC_WARN_UNDECLARED_SELECTOR = YES;
				GCC_WARN_UNINITIALIZED_AUTOS = YES_AGGRESSIVE;
				GCC_WARN_UNUSED_FUNCTION = YES;
				GCC_WARN_UNUSED_VARIABLE = YES;
				IPHONEOS_DEPLOYMENT_TARGET = 13.5;
				MTL_ENABLE_DEBUG_INFO = NO;
				MTL_FAST_MATH = YES;
				SDKROOT = iphoneos;
				VALIDATE_PRODUCT = YES;
			};
			name = Release;
		};
		E5B4598A247F9842004F96AF /* Debug */ = {
			isa = XCBuildConfiguration;
			baseConfigurationReference = F12E810F51FE27D95184B51B /* Pods-GSMapTest.debug.xcconfig */;
			buildSettings = {
				ASSETCATALOG_COMPILER_APPICON_NAME = AppIcon;
				CODE_SIGN_STYLE = Automatic;
				DEVELOPMENT_TEAM = 3DHHAB2576;
				GCC_PREFIX_HEADER = GSMapTest/PrefixHeader.pch;
				INFOPLIST_FILE = GSMapTest/Info.plist;
				IPHONEOS_DEPLOYMENT_TARGET = 10.1;
				LD_RUNPATH_SEARCH_PATHS = (
					"$(inherited)",
					"@executable_path/Frameworks",
				);
				PRODUCT_BUNDLE_IDENTIFIER = com.GSMapTest.GSMapTest;
				PRODUCT_NAME = "$(TARGET_NAME)";
				TARGETED_DEVICE_FAMILY = 1;
			};
			name = Debug;
		};
		E5B4598B247F9842004F96AF /* Release */ = {
			isa = XCBuildConfiguration;
			baseConfigurationReference = 0B232683881C889BEB0B3DF5 /* Pods-GSMapTest.release.xcconfig */;
			buildSettings = {
				ASSETCATALOG_COMPILER_APPICON_NAME = AppIcon;
				CODE_SIGN_STYLE = Automatic;
				DEVELOPMENT_TEAM = 3DHHAB2576;
				GCC_PREFIX_HEADER = GSMapTest/PrefixHeader.pch;
				INFOPLIST_FILE = GSMapTest/Info.plist;
				IPHONEOS_DEPLOYMENT_TARGET = 10.1;
				LD_RUNPATH_SEARCH_PATHS = (
					"$(inherited)",
					"@executable_path/Frameworks",
				);
				PRODUCT_BUNDLE_IDENTIFIER = com.GSMapTest.GSMapTest;
				PRODUCT_NAME = "$(TARGET_NAME)";
				TARGETED_DEVICE_FAMILY = 1;
			};
			name = Release;
		};
		E5B4598D247F9842004F96AF /* Debug */ = {
			isa = XCBuildConfiguration;
			buildSettings = {
				BUNDLE_LOADER = "$(TEST_HOST)";
				CODE_SIGN_STYLE = Automatic;
				DEVELOPMENT_TEAM = 3DHHAB2576;
				INFOPLIST_FILE = GSMapTestTests/Info.plist;
				IPHONEOS_DEPLOYMENT_TARGET = 13.5;
				LD_RUNPATH_SEARCH_PATHS = (
					"$(inherited)",
					"@executable_path/Frameworks",
					"@loader_path/Frameworks",
				);
				PRODUCT_BUNDLE_IDENTIFIER = com.GSMapTest.GSMapTestTests;
				PRODUCT_NAME = "$(TARGET_NAME)";
				TARGETED_DEVICE_FAMILY = "1,2";
				TEST_HOST = "$(BUILT_PRODUCTS_DIR)/GSMapTest.app/GSMapTest";
			};
			name = Debug;
		};
		E5B4598E247F9842004F96AF /* Release */ = {
			isa = XCBuildConfiguration;
			buildSettings = {
				BUNDLE_LOADER = "$(TEST_HOST)";
				CODE_SIGN_STYLE = Automatic;
				DEVELOPMENT_TEAM = 3DHHAB2576;
				INFOPLIST_FILE = GSMapTestTests/Info.plist;
				IPHONEOS_DEPLOYMENT_TARGET = 13.5;
				LD_RUNPATH_SEARCH_PATHS = (
					"$(inherited)",
					"@executable_path/Frameworks",
					"@loader_path/Frameworks",
				);
				PRODUCT_BUNDLE_IDENTIFIER = com.GSMapTest.GSMapTestTests;
				PRODUCT_NAME = "$(TARGET_NAME)";
				TARGETED_DEVICE_FAMILY = "1,2";
				TEST_HOST = "$(BUILT_PRODUCTS_DIR)/GSMapTest.app/GSMapTest";
			};
			name = Release;
		};
		E5B45990247F9842004F96AF /* Debug */ = {
			isa = XCBuildConfiguration;
			buildSettings = {
				CODE_SIGN_STYLE = Automatic;
				DEVELOPMENT_TEAM = 3DHHAB2576;
				INFOPLIST_FILE = GSMapTestUITests/Info.plist;
				LD_RUNPATH_SEARCH_PATHS = (
					"$(inherited)",
					"@executable_path/Frameworks",
					"@loader_path/Frameworks",
				);
				PRODUCT_BUNDLE_IDENTIFIER = com.GSMapTest.GSMapTestUITests;
				PRODUCT_NAME = "$(TARGET_NAME)";
				TARGETED_DEVICE_FAMILY = "1,2";
				TEST_TARGET_NAME = GSMapTest;
			};
			name = Debug;
		};
		E5B45991247F9842004F96AF /* Release */ = {
			isa = XCBuildConfiguration;
			buildSettings = {
				CODE_SIGN_STYLE = Automatic;
				DEVELOPMENT_TEAM = 3DHHAB2576;
				INFOPLIST_FILE = GSMapTestUITests/Info.plist;
				LD_RUNPATH_SEARCH_PATHS = (
					"$(inherited)",
					"@executable_path/Frameworks",
					"@loader_path/Frameworks",
				);
				PRODUCT_BUNDLE_IDENTIFIER = com.GSMapTest.GSMapTestUITests;
				PRODUCT_NAME = "$(TARGET_NAME)";
				TARGETED_DEVICE_FAMILY = "1,2";
				TEST_TARGET_NAME = GSMapTest;
			};
			name = Release;
		};
/* End XCBuildConfiguration section */

/* Begin XCConfigurationList section */
		E5B45955247F9840004F96AF /* Build configuration list for PBXProject "GSMapTest" */ = {
			isa = XCConfigurationList;
			buildConfigurations = (
				E5B45987247F9842004F96AF /* Debug */,
				E5B45988247F9842004F96AF /* Release */,
			);
			defaultConfigurationIsVisible = 0;
			defaultConfigurationName = Release;
		};
		E5B45989247F9842004F96AF /* Build configuration list for PBXNativeTarget "GSMapTest" */ = {
			isa = XCConfigurationList;
			buildConfigurations = (
				E5B4598A247F9842004F96AF /* Debug */,
				E5B4598B247F9842004F96AF /* Release */,
			);
			defaultConfigurationIsVisible = 0;
			defaultConfigurationName = Release;
		};
		E5B4598C247F9842004F96AF /* Build configuration list for PBXNativeTarget "GSMapTestTests" */ = {
			isa = XCConfigurationList;
			buildConfigurations = (
				E5B4598D247F9842004F96AF /* Debug */,
				E5B4598E247F9842004F96AF /* Release */,
			);
			defaultConfigurationIsVisible = 0;
			defaultConfigurationName = Release;
		};
		E5B4598F247F9842004F96AF /* Build configuration list for PBXNativeTarget "GSMapTestUITests" */ = {
			isa = XCConfigurationList;
			buildConfigurations = (
				E5B45990247F9842004F96AF /* Debug */,
				E5B45991247F9842004F96AF /* Release */,
			);
			defaultConfigurationIsVisible = 0;
			defaultConfigurationName = Release;
		};
/* End XCConfigurationList section */
	};
	rootObject = E5B45952247F9840004F96AF /* Project object */;
}
